{
    "_readme": [
        "This file locks the dependencies of your project to a known state",
        "Read more about it at https://getcomposer.org/doc/01-basic-usage.md#installing-dependencies",
        "This file is @generated automatically"
    ],
    "content-hash": "874b267bd1885d9a79d53536e6a694cc",
    "packages": [
        {
            "name": "kamermans/guzzle-oauth2-subscriber",
            "version": "v1.0.8",
            "source": {
                "type": "git",
                "url": "https://github.com/kamermans/guzzle-oauth2-subscriber.git",
                "reference": "18fb67c97f38c6b463f1ccdcad95b641666e42c1"
            },
            "dist": {
                "type": "zip",
                "url": "https://api.github.com/repos/kamermans/guzzle-oauth2-subscriber/zipball/18fb67c97f38c6b463f1ccdcad95b641666e42c1",
                "reference": "18fb67c97f38c6b463f1ccdcad95b641666e42c1",
                "shasum": ""
            },
            "require": {
                "guzzlehttp/guzzle": "~4.0|~5.0|~6.0|~7.0",
                "php": ">=5.4.0"
            },
            "type": "library",
            "autoload": {
                "psr-4": {
                    "kamermans\\OAuth2\\": "src"
                }
            },
            "notification-url": "https://packagist.org/downloads/",
            "license": [
                "MIT"
            ],
            "authors": [
                {
                    "name": "Steve Kamerman",
                    "email": "stevekamerman@gmail.com"
                }
            ],
            "description": "OAuth 2.0 client for Guzzle 4, 5 and 6+",
            "keywords": [
                "Guzzle",
                "oauth"
            ],
            "time": "2020-12-10T00:38:57+00:00"
        }
    ],
    "packages-dev": [],
    "aliases": [],
    "minimum-stability": "dev",
    "stability-flags": [],
    "prefer-stable": true,
    "prefer-lowest": false,
    "platform": [],
    "platform-dev": [],
    "plugin-api-version": "1.1.0"
}
